
Microsoft Visual Studio Solution File, Format Version 12.00
# Visual Studio Version 17
VisualStudioVersion = 17.4.33205.214
MinimumVisualStudioVersion = 10.0.40219.1
Project("{FAE04EC0-301F-11D3-BF4B-00C04F79EFBC}") = "WPFApostar", "WPFApostar\WPFApostar.csproj", "{58069C2E-C14C-435B-8CDB-D1AE418FE201}"
EndProject
Global
	GlobalSection(SolutionConfigurationPlatforms) = preSolution
		Debug|Any CPU = Debug|Any CPU
		Release|Any CPU = Release|Any CPU
	EndGlobalSection
	GlobalSection(ProjectConfigurationPlatforms) = postSolution
		{58069C2E-C14C-435B-8CDB-D1AE418FE201}.Debug|Any CPU.ActiveCfg = Debug|Any CPU
		{58069C2E-C14C-435B-8CDB-D1AE418FE201}.Debug|Any CPU.Build.0 = Debug|Any CPU
		{58069C2E-C14C-435B-8CDB-D1AE418FE201}.Release|Any CPU.ActiveCfg = Release|Any CPU
		{58069C2E-C14C-435B-8CDB-D1AE418FE201}.Release|Any CPU.Build.0 = Release|Any CPU
	EndGlobalSection
	GlobalSection(SolutionProperties) = preSolution
		HideSolutionNode = FALSE
	EndGlobalSection
	GlobalSection(ExtensibilityGlobals) = postSolution
		SolutionGuid = {DE5D4A51-806A-4EDF-BED8-41EDEE77A294}
	EndGlobalSection
EndGlobal
